
Microsoft Visual Studio Solution File, Format Version 12.00
# Visual Studio Version 16
VisualStudioVersion = 16.0.32126.315
MinimumVisualStudioVersion = 10.0.40219.1
Project("{FAE04EC0-301F-11D3-BF4B-00C04F79EFBC}") = "Game of Life - Jonah Pickett", "Game of Life - Jonah Pickett\Game of Life - Jonah Pickett.csproj", "{1F277F3A-CD4C-4AE5-B61E-8D5335A8D6A1}"
EndProject
Global
	GlobalSection(SolutionConfigurationPlatforms) = preSolution
		Debug|Any CPU = Debug|Any CPU
		Release|Any CPU = Release|Any CPU
	EndGlobalSection
	GlobalSection(ProjectConfigurationPlatforms) = postSolution
		{1F277F3A-CD4C-4AE5-B61E-8D5335A8D6A1}.Debug|Any CPU.ActiveCfg = Debug|Any CPU
		{1F277F3A-CD4C-4AE5-B61E-8D5335A8D6A1}.Debug|Any CPU.Build.0 = Debug|Any CPU
		{1F277F3A-CD4C-4AE5-B61E-8D5335A8D6A1}.Release|Any CPU.ActiveCfg = Release|Any CPU
		{1F277F3A-CD4C-4AE5-B61E-8D5335A8D6A1}.Release|Any CPU.Build.0 = Release|Any CPU
	EndGlobalSection
	GlobalSection(SolutionProperties) = preSolution
		HideSolutionNode = FALSE
	EndGlobalSection
	GlobalSection(ExtensibilityGlobals) = postSolution
		SolutionGuid = {0F355E28-6169-4526-B03A-8362252B20F6}
	EndGlobalSection
EndGlobal
